
Microsoft Visual Studio Solution File, Format Version 12.00
# Visual Studio Version 16
VisualStudioVersion = 16.0.30114.105
MinimumVisualStudioVersion = 10.0.40219.1
Project("{9A19103F-16F7-4668-BE54-9A1E7A4F7556}") = "ProjectSafeWayz", "ProjectSafeWayz\ProjectSafeWayz.csproj", "{5CC49D1C-C316-4685-BD44-6500B8399E50}"
EndProject
Project("{FAE04EC0-301F-11D3-BF4B-00C04F79EFBC}") = "ProjectSafeWayz.Android", "ProjectSafeWayz.Android\ProjectSafeWayz.Android.csproj", "{545115F7-4E77-4562-9E85-F52498DB9F52}"
EndProject
Project("{FAE04EC0-301F-11D3-BF4B-00C04F79EFBC}") = "ProjectSafeWayz.iOS", "ProjectSafeWayz.iOS\ProjectSafeWayz.iOS.csproj", "{241ED25F-6C8B-4445-A71E-C90F9EE1F98A}"
EndProject
Global
	GlobalSection(SolutionConfigurationPlatforms) = preSolution
		Ad-Hoc|Any CPU = Ad-Hoc|Any CPU
		Ad-Hoc|iPhone = Ad-Hoc|iPhone
		Ad-Hoc|iPhoneSimulator = Ad-Hoc|iPhoneSimulator
		AppStore|Any CPU = AppStore|Any CPU
		AppStore|iPhone = AppStore|iPhone
		AppStore|iPhoneSimulator = AppStore|iPhoneSimulator
		Debug|Any CPU = Debug|Any CPU
		Debug|iPhone = Debug|iPhone
		Debug|iPhoneSimulator = Debug|iPhoneSimulator
		Release|Any CPU = Release|Any CPU
		Release|iPhone = Release|iPhone
		Release|iPhoneSimulator = Release|iPhoneSimulator
	EndGlobalSection
	GlobalSection(ProjectConfigurationPlatforms) = postSolution
		{5CC49D1C-C316-4685-BD44-6500B8399E50}.Ad-Hoc|Any CPU.ActiveCfg = Debug|Any CPU
		{5CC49D1C-C316-4685-BD44-6500B8399E50}.Ad-Hoc|Any CPU.Build.0 = Debug|Any CPU
		{5CC49D1C-C316-4685-BD44-6500B8399E50}.Ad-Hoc|iPhone.ActiveCfg = Debug|Any CPU
		{5CC49D1C-C316-4685-BD44-6500B8399E50}.Ad-Hoc|iPhone.Build.0 = Debug|Any CPU
		{5CC49D1C-C316-4685-BD44-6500B8399E50}.Ad-Hoc|iPhoneSimulator.ActiveCfg = Debug|Any CPU
		{5CC49D1C-C316-4685-BD44-6500B8399E50}.Ad-Hoc|iPhoneSimulator.Build.0 = Debug|Any CPU
		{5CC49D1C-C316-4685-BD44-6500B8399E50}.AppStore|Any CPU.ActiveCfg = Debug|Any CPU
		{5CC49D1C-C316-4685-BD44-6500B8399E50}.AppStore|Any CPU.Build.0 = Debug|Any CPU
		{5CC49D1C-C316-4685-BD44-6500B8399E50}.AppStore|iPhone.ActiveCfg = Debug|Any CPU
		{5CC49D1C-C316-4685-BD44-6500B8399E50}.AppStore|iPhone.Build.0 = Debug|Any CPU
		{5CC49D1C-C316-4685-BD44-6500B8399E50}.AppStore|iPhoneSimulator.ActiveCfg = Debug|Any CPU
		{5CC49D1C-C316-4685-BD44-6500B8399E50}.AppStore|iPhoneSimulator.Build.0 = Debug|Any CPU
		{5CC49D1C-C316-4685-BD44-6500B8399E50}.Debug|Any CPU.ActiveCfg = Debug|Any CPU
		{5CC49D1C-C316-4685-BD44-6500B8399E50}.Debug|Any CPU.Build.0 = Debug|Any CPU
		{5CC49D1C-C316-4685-BD44-6500B8399E50}.Debug|iPhone.ActiveCfg = Debug|Any CPU
		{5CC49D1C-C316-4685-BD44-6500B8399E50}.Debug|iPhone.Build.0 = Debug|Any CPU
		{5CC49D1C-C316-4685-BD44-6500B8399E50}.Debug|iPhoneSimulator.ActiveCfg = Debug|Any CPU
		{5CC49D1C-C316-4685-BD44-6500B8399E50}.Debug|iPhoneSimulator.Build.0 = Debug|Any CPU
		{5CC49D1C-C316-4685-BD44-6500B8399E50}.Release|Any CPU.ActiveCfg = Release|Any CPU
		{5CC49D1C-C316-4685-BD44-6500B8399E50}.Release|Any CPU.Build.0 = Release|Any CPU
		{5CC49D1C-C316-4685-BD44-6500B8399E50}.Release|iPhone.ActiveCfg = Release|Any CPU
		{5CC49D1C-C316-4685-BD44-6500B8399E50}.Release|iPhone.Build.0 = Release|Any CPU
		{5CC49D1C-C316-4685-BD44-6500B8399E50}.Release|iPhoneSimulator.ActiveCfg = Release|Any CPU
		{5CC49D1C-C316-4685-BD44-6500B8399E50}.Release|iPhoneSimulator.Build.0 = Release|Any CPU
		{545115F7-4E77-4562-9E85-F52498DB9F52}.Ad-Hoc|Any CPU.ActiveCfg = Release|Any CPU
		{545115F7-4E77-4562-9E85-F52498DB9F52}.Ad-Hoc|Any CPU.Build.0 = Release|Any CPU
		{545115F7-4E77-4562-9E85-F52498DB9F52}.Ad-Hoc|Any CPU.Deploy.0 = Release|Any CPU
		{545115F7-4E77-4562-9E85-F52498DB9F52}.Ad-Hoc|iPhone.ActiveCfg = Release|Any CPU
		{545115F7-4E77-4562-9E85-F52498DB9F52}.Ad-Hoc|iPhone.Build.0 = Release|Any CPU
		{545115F7-4E77-4562-9E85-F52498DB9F52}.Ad-Hoc|iPhone.Deploy.0 = Release|Any CPU
		{545115F7-4E77-4562-9E85-F52498DB9F52}.Ad-Hoc|iPhoneSimulator.ActiveCfg = Release|Any CPU
		{545115F7-4E77-4562-9E85-F52498DB9F52}.Ad-Hoc|iPhoneSimulator.Build.0 = Release|Any CPU
		{545115F7-4E77-4562-9E85-F52498DB9F52}.Ad-Hoc|iPhoneSimulator.Deploy.0 = Release|Any CPU
		{545115F7-4E77-4562-9E85-F52498DB9F52}.AppStore|Any CPU.ActiveCfg = Release|Any CPU
		{545115F7-4E77-4562-9E85-F52498DB9F52}.AppStore|Any CPU.Build.0 = Release|Any CPU
		{545115F7-4E77-4562-9E85-F52498DB9F52}.AppStore|Any CPU.Deploy.0 = Release|Any CPU
		{545115F7-4E77-4562-9E85-F52498DB9F52}.AppStore|iPhone.ActiveCfg = Release|Any CPU
		{545115F7-4E77-4562-9E85-F52498DB9F52}.AppStore|iPhone.Build.0 = Release|Any CPU
		{545115F7-4E77-4562-9E85-F52498DB9F52}.AppStore|iPhone.Deploy.0 = Release|Any CPU
		{545115F7-4E77-4562-9E85-F52498DB9F52}.AppStore|iPhoneSimulator.ActiveCfg = Release|Any CPU
		{545115F7-4E77-4562-9E85-F52498DB9F52}.AppStore|iPhoneSimulator.Build.0 = Release|Any CPU
		{545115F7-4E77-4562-9E85-F52498DB9F52}.AppStore|iPhoneSimulator.Deploy.0 = Release|Any CPU
		{545115F7-4E77-4562-9E85-F52498DB9F52}.Debug|Any CPU.ActiveCfg = Debug|Any CPU
		{545115F7-4E77-4562-9E85-F52498DB9F52}.Debug|Any CPU.Build.0 = Debug|Any CPU
		{545115F7-4E77-4562-9E85-F52498DB9F52}.Debug|Any CPU.Deploy.0 = Debug|Any CPU
		{545115F7-4E77-4562-9E85-F52498DB9F52}.Debug|iPhone.ActiveCfg = Debug|Any CPU
		{545115F7-4E77-4562-9E85-F52498DB9F52}.Debug|iPhone.Build.0 = Debug|Any CPU
		{545115F7-4E77-4562-9E85-F52498DB9F52}.Debug|iPhone.Deploy.0 = Debug|Any CPU
		{545115F7-4E77-4562-9E85-F52498DB9F52}.Debug|iPhoneSimulator.ActiveCfg = Debug|Any CPU
		{545115F7-4E77-4562-9E85-F52498DB9F52}.Debug|iPhoneSimulator.Build.0 = Debug|Any CPU
		{545115F7-4E77-4562-9E85-F52498DB9F52}.Debug|iPhoneSimulator.Deploy.0 = Debug|Any CPU
		{545115F7-4E77-4562-9E85-F52498DB9F52}.Release|Any CPU.ActiveCfg = Release|Any CPU
		{545115F7-4E77-4562-9E85-F52498DB9F52}.Release|Any CPU.Build.0 = Release|Any CPU
		{545115F7-4E77-4562-9E85-F52498DB9F52}.Release|Any CPU.Deploy.0 = Release|Any CPU
		{545115F7-4E77-4562-9E85-F52498DB9F52}.Release|iPhone.ActiveCfg = Release|Any CPU
		{545115F7-4E77-4562-9E85-F52498DB9F52}.Release|iPhone.Build.0 = Release|Any CPU
		{545115F7-4E77-4562-9E85-F52498DB9F52}.Release|iPhone.Deploy.0 = Release|Any CPU
		{545115F7-4E77-4562-9E85-F52498DB9F52}.Release|iPhoneSimulator.ActiveCfg = Release|Any CPU
		{545115F7-4E77-4562-9E85-F52498DB9F52}.Release|iPhoneSimulator.Build.0 = Release|Any CPU
		{545115F7-4E77-4562-9E85-F52498DB9F52}.Release|iPhoneSimulator.Deploy.0 = Release|Any CPU
		{241ED25F-6C8B-4445-A71E-C90F9EE1F98A}.Ad-Hoc|Any CPU.ActiveCfg = Ad-Hoc|iPhone
		{241ED25F-6C8B-4445-A71E-C90F9EE1F98A}.Ad-Hoc|iPhone.ActiveCfg = Ad-Hoc|iPhone
		{241ED25F-6C8B-4445-A71E-C90F9EE1F98A}.Ad-Hoc|iPhone.Build.0 = Ad-Hoc|iPhone
		{241ED25F-6C8B-4445-A71E-C90F9EE1F98A}.Ad-Hoc|iPhoneSimulator.ActiveCfg = Ad-Hoc|iPhoneSimulator
		{241ED25F-6C8B-4445-A71E-C90F9EE1F98A}.Ad-Hoc|iPhoneSimulator.Build.0 = Ad-Hoc|iPhoneSimulator
		{241ED25F-6C8B-4445-A71E-C90F9EE1F98A}.AppStore|Any CPU.ActiveCfg = AppStore|iPhone
		{241ED25F-6C8B-4445-A71E-C90F9EE1F98A}.AppStore|iPhone.ActiveCfg = AppStore|iPhone
		{241ED25F-6C8B-4445-A71E-C90F9EE1F98A}.AppStore|iPhone.Build.0 = AppStore|iPhone
		{241ED25F-6C8B-4445-A71E-C90F9EE1F98A}.AppStore|iPhoneSimulator.ActiveCfg = AppStore|iPhoneSimulator
		{241ED25F-6C8B-4445-A71E-C90F9EE1F98A}.AppStore|iPhoneSimulator.Build.0 = AppStore|iPhoneSimulator
		{241ED25F-6C8B-4445-A71E-C90F9EE1F98A}.Debug|Any CPU.ActiveCfg = Debug|iPhone
		{241ED25F-6C8B-4445-A71E-C90F9EE1F98A}.Debug|iPhone.ActiveCfg = Debug|iPhone
		{241ED25F-6C8B-4445-A71E-C90F9EE1F98A}.Debug|iPhone.Build.0 = Debug|iPhone
		{241ED25F-6C8B-4445-A71E-C90F9EE1F98A}.Debug|iPhoneSimulator.ActiveCfg = Debug|iPhoneSimulator
		{241ED25F-6C8B-4445-A71E-C90F9EE1F98A}.Debug|iPhoneSimulator.Build.0 = Debug|iPhoneSimulator
		{241ED25F-6C8B-4445-A71E-C90F9EE1F98A}.Release|Any CPU.ActiveCfg = Release|iPhone
		{241ED25F-6C8B-4445-A71E-C90F9EE1F98A}.Release|iPhone.ActiveCfg = Release|iPhone
		{241ED25F-6C8B-4445-A71E-C90F9EE1F98A}.Release|iPhone.Build.0 = Release|iPhone
		{241ED25F-6C8B-4445-A71E-C90F9EE1F98A}.Release|iPhoneSimulator.ActiveCfg = Release|iPhoneSimulator
		{241ED25F-6C8B-4445-A71E-C90F9EE1F98A}.Release|iPhoneSimulator.Build.0 = Release|iPhoneSimulator
	EndGlobalSection
	GlobalSection(SolutionProperties) = preSolution
		HideSolutionNode = FALSE
	EndGlobalSection
	GlobalSection(ExtensibilityGlobals) = postSolution
		SolutionGuid = {078A9881-8C56-418B-AE09-C01B89B4DCFF}
	EndGlobalSection
EndGlobal
